
Microsoft Visual Studio Solution File, Format Version 12.00
# Visual Studio Version 17
VisualStudioVersion = 17.0.31903.59
MinimumVisualStudioVersion = 10.0.40219.1
Project("{FAE04EC0-301F-11D3-BF4B-00C04F79EFBC}") = "FocusPace", "src\FocusPace\FocusPace.csproj", "{A621E808-44D6-4477-BF40-8FB53A40C0B6}"
EndProject
Project("{FAE04EC0-301F-11D3-BF4B-00C04F79EFBC}") = "FocusPace.Core.Tests", "tests\FocusPace.Core.Tests\FocusPace.Core.Tests.csproj", "{7ACB1E31-39DB-4B1B-BB41-D7C5BD17698A}"
EndProject
Global
	GlobalSection(SolutionConfigurationPlatforms) = preSolution
		Debug|Any CPU = Debug|Any CPU
		Release|Any CPU = Release|Any CPU
	EndGlobalSection
	GlobalSection(ProjectConfigurationPlatforms) = postSolution
		{A621E808-44D6-4477-BF40-8FB53A40C0B6}.Debug|Any CPU.ActiveCfg = Debug|Any CPU
		{A621E808-44D6-4477-BF40-8FB53A40C0B6}.Debug|Any CPU.Build.0 = Debug|Any CPU
		{A621E808-44D6-4477-BF40-8FB53A40C0B6}.Release|Any CPU.ActiveCfg = Release|Any CPU
		{A621E808-44D6-4477-BF40-8FB53A40C0B6}.Release|Any CPU.Build.0 = Release|Any CPU
		{7ACB1E31-39DB-4B1B-BB41-D7C5BD17698A}.Debug|Any CPU.ActiveCfg = Debug|Any CPU
		{7ACB1E31-39DB-4B1B-BB41-D7C5BD17698A}.Debug|Any CPU.Build.0 = Debug|Any CPU
		{7ACB1E31-39DB-4B1B-BB41-D7C5BD17698A}.Release|Any CPU.ActiveCfg = Release|Any CPU
		{7ACB1E31-39DB-4B1B-BB41-D7C5BD17698A}.Release|Any CPU.Build.0 = Release|Any CPU
	EndGlobalSection
EndGlobal

